
Microsoft Visual Studio Solution File, Format Version 12.00
# Visual Studio Version 16
VisualStudioVersion = 16.0.31005.135
MinimumVisualStudioVersion = 10.0.40219.1
Project("{FAE04EC0-301F-11D3-BF4B-00C04F79EFBC}") = "Shapes", "Shapes\Shapes.csproj", "{1F75749F-A236-4ADF-8AA2-625B6CEBD923}"
EndProject
Project("{FAE04EC0-301F-11D3-BF4B-00C04F79EFBC}") = "Cars", "Cars\Cars.csproj", "{5667924F-0A6F-4867-BE6F-98CB673AF6ED}"
EndProject
Global
	GlobalSection(SolutionConfigurationPlatforms) = preSolution
		Debug|Any CPU = Debug|Any CPU
		Release|Any CPU = Release|Any CPU
	EndGlobalSection
	GlobalSection(ProjectConfigurationPlatforms) = postSolution
		{1F75749F-A236-4ADF-8AA2-625B6CEBD923}.Debug|Any CPU.ActiveCfg = Debug|Any CPU
		{1F75749F-A236-4ADF-8AA2-625B6CEBD923}.Debug|Any CPU.Build.0 = Debug|Any CPU
		{1F75749F-A236-4ADF-8AA2-625B6CEBD923}.Release|Any CPU.ActiveCfg = Release|Any CPU
		{1F75749F-A236-4ADF-8AA2-625B6CEBD923}.Release|Any CPU.Build.0 = Release|Any CPU
		{5667924F-0A6F-4867-BE6F-98CB673AF6ED}.Debug|Any CPU.ActiveCfg = Debug|Any CPU
		{5667924F-0A6F-4867-BE6F-98CB673AF6ED}.Debug|Any CPU.Build.0 = Debug|Any CPU
		{5667924F-0A6F-4867-BE6F-98CB673AF6ED}.Release|Any CPU.ActiveCfg = Release|Any CPU
		{5667924F-0A6F-4867-BE6F-98CB673AF6ED}.Release|Any CPU.Build.0 = Release|Any CPU
	EndGlobalSection
	GlobalSection(SolutionProperties) = preSolution
		HideSolutionNode = FALSE
	EndGlobalSection
	GlobalSection(ExtensibilityGlobals) = postSolution
		SolutionGuid = {5CDB2EBE-5286-408D-A1F5-C582C15F339C}
	EndGlobalSection
EndGlobal
