
Microsoft Visual Studio Solution File, Format Version 12.00
# Visual Studio Version 16
VisualStudioVersion = 16.0.31005.135
MinimumVisualStudioVersion = 10.0.40219.1
Project("{FAE04EC0-301F-11D3-BF4B-00C04F79EFBC}") = "01.Vehicles", "01.Vehicles\01.Vehicles.csproj", "{4B26DA60-A509-4244-99B0-7C9AA384E86C}"
EndProject
Project("{FAE04EC0-301F-11D3-BF4B-00C04F79EFBC}") = "02.VehiclesExtension", "02.VehiclesExtension\02.VehiclesExtension.csproj", "{C2939044-FE73-49E3-8E59-FD2F8F67266D}"
EndProject
Project("{FAE04EC0-301F-11D3-BF4B-00C04F79EFBC}") = "03.Raiding", "03.Raiding\03.Raiding.csproj", "{51F2C2A6-2E4A-46D2-8059-D39EB2665784}"
EndProject
Project("{FAE04EC0-301F-11D3-BF4B-00C04F79EFBC}") = "04.WildFarm", "04.WildFarm\04.WildFarm.csproj", "{0ED8D5B9-36ED-4FCF-88B7-3E4993754240}"
EndProject
Global
	GlobalSection(SolutionConfigurationPlatforms) = preSolution
		Debug|Any CPU = Debug|Any CPU
		Release|Any CPU = Release|Any CPU
	EndGlobalSection
	GlobalSection(ProjectConfigurationPlatforms) = postSolution
		{4B26DA60-A509-4244-99B0-7C9AA384E86C}.Debug|Any CPU.ActiveCfg = Debug|Any CPU
		{4B26DA60-A509-4244-99B0-7C9AA384E86C}.Debug|Any CPU.Build.0 = Debug|Any CPU
		{4B26DA60-A509-4244-99B0-7C9AA384E86C}.Release|Any CPU.ActiveCfg = Release|Any CPU
		{4B26DA60-A509-4244-99B0-7C9AA384E86C}.Release|Any CPU.Build.0 = Release|Any CPU
		{C2939044-FE73-49E3-8E59-FD2F8F67266D}.Debug|Any CPU.ActiveCfg = Debug|Any CPU
		{C2939044-FE73-49E3-8E59-FD2F8F67266D}.Debug|Any CPU.Build.0 = Debug|Any CPU
		{C2939044-FE73-49E3-8E59-FD2F8F67266D}.Release|Any CPU.ActiveCfg = Release|Any CPU
		{C2939044-FE73-49E3-8E59-FD2F8F67266D}.Release|Any CPU.Build.0 = Release|Any CPU
		{51F2C2A6-2E4A-46D2-8059-D39EB2665784}.Debug|Any CPU.ActiveCfg = Debug|Any CPU
		{51F2C2A6-2E4A-46D2-8059-D39EB2665784}.Debug|Any CPU.Build.0 = Debug|Any CPU
		{51F2C2A6-2E4A-46D2-8059-D39EB2665784}.Release|Any CPU.ActiveCfg = Release|Any CPU
		{51F2C2A6-2E4A-46D2-8059-D39EB2665784}.Release|Any CPU.Build.0 = Release|Any CPU
		{0ED8D5B9-36ED-4FCF-88B7-3E4993754240}.Debug|Any CPU.ActiveCfg = Debug|Any CPU
		{0ED8D5B9-36ED-4FCF-88B7-3E4993754240}.Debug|Any CPU.Build.0 = Debug|Any CPU
		{0ED8D5B9-36ED-4FCF-88B7-3E4993754240}.Release|Any CPU.ActiveCfg = Release|Any CPU
		{0ED8D5B9-36ED-4FCF-88B7-3E4993754240}.Release|Any CPU.Build.0 = Release|Any CPU
	EndGlobalSection
	GlobalSection(SolutionProperties) = preSolution
		HideSolutionNode = FALSE
	EndGlobalSection
	GlobalSection(ExtensibilityGlobals) = postSolution
		SolutionGuid = {78F9E0E6-EFB4-477E-AD0B-EB229E27EC2D}
	EndGlobalSection
EndGlobal
